
Microsoft Visual Studio Solution File, Format Version 12.00
# Visual Studio 15
VisualStudioVersion = 15.0.28307.779
MinimumVisualStudioVersion = 10.0.40219.1
Project("{FAE04EC0-301F-11D3-BF4B-00C04F79EFBC}") = "ADBTeam13_DB4O", "ADBTeam13_DB4O\ADBTeam13_DB4O.csproj", "{4C0145A4-CB83-460F-84DB-33355B19E324}"
EndProject
Global
	GlobalSection(SolutionConfigurationPlatforms) = preSolution
		Debug|Any CPU = Debug|Any CPU
		Release|Any CPU = Release|Any CPU
	EndGlobalSection
	GlobalSection(ProjectConfigurationPlatforms) = postSolution
		{4C0145A4-CB83-460F-84DB-33355B19E324}.Debug|Any CPU.ActiveCfg = Debug|Any CPU
		{4C0145A4-CB83-460F-84DB-33355B19E324}.Debug|Any CPU.Build.0 = Debug|Any CPU
		{4C0145A4-CB83-460F-84DB-33355B19E324}.Release|Any CPU.ActiveCfg = Release|Any CPU
		{4C0145A4-CB83-460F-84DB-33355B19E324}.Release|Any CPU.Build.0 = Release|Any CPU
	EndGlobalSection
	GlobalSection(SolutionProperties) = preSolution
		HideSolutionNode = FALSE
	EndGlobalSection
	GlobalSection(ExtensibilityGlobals) = postSolution
		SolutionGuid = {B624B07E-0AB9-4A67-9C34-5BEB7B6296D4}
	EndGlobalSection
EndGlobal
